<?xml version="1.0" encoding="utf-8"?>
<Project ToolsVersion="4.0" xmlns="http://schemas.microsoft.com/developer/msbuild/2003">
  <ItemGroup>
    <Filter Include="소스 파일">
      <UniqueIdentifier>{4FC737F1-C7A5-4376-A066-2A32D752A2FF}</UniqueIdentifier>
      <Extensions>cpp;c;cc;cxx;c++;cppm;ixx;def;odl;idl;hpj;bat;asm;asmx</Extensions>
    </Filter>
    <Filter Include="헤더 파일">
      <UniqueIdentifier>{93995380-89BD-4b04-88EB-625FBE52EBFB}</UniqueIdentifier>
      <Extensions>h;hh;hpp;hxx;h++;hm;inl;inc;ipp;xsd</Extensions>
    </Filter>
    <Filter Include="리소스 파일">
      <UniqueIdentifier>{67DA6AB6-F800-4c08-8B7A-83BB121AAD01}</UniqueIdentifier>
      <Extensions>rc;ico;cur;bmp;dlg;rc2;rct;bin;rgs;gif;jpg;jpeg;jpe;resx;tiff;tif;png;wav;mfcribbon-ms</Extensions>
    </Filter>
    <Filter Include="헤더 파일\Headers">
      <UniqueIdentifier>{2e00e6d7-251f-437a-8499-edc1a9a86bc0}</UniqueIdentifier>
    </Filter>
    <Filter Include="헤더 파일\Include">
      <UniqueIdentifier>{c681da71-f3fc-4007-bdf3-b856e8a7dae1}</UniqueIdentifier>
    </Filter>
    <Filter Include="소스 파일\00. MainUpdate">
      <UniqueIdentifier>{08e81586-ead6-45c2-9171-529d8b4a552b}</UniqueIdentifier>
    </Filter>
    <Filter Include="소스 파일\01. Scene">
      <UniqueIdentifier>{1d15cc55-adef-4b55-97f3-6b8cf741a378}</UniqueIdentifier>
    </Filter>
    <Filter Include="소스 파일\02. Object">
      <UniqueIdentifier>{617e0790-208e-460d-bf44-7a68a7e8dffc}</UniqueIdentifier>
    </Filter>
    <Filter Include="소스 파일\99. Manager">
      <UniqueIdentifier>{9c79a535-5672-4b5c-a36f-1ad636bcef4e}</UniqueIdentifier>
    </Filter>
    <Filter Include="소스 파일\01. Scene\Logo">
      <UniqueIdentifier>{a708ec20-f527-4489-b799-b81f029b09fb}</UniqueIdentifier>
    </Filter>
    <Filter Include="소스 파일\01. Scene\Menu">
      <UniqueIdentifier>{e0973894-bf6a-4381-aa6f-fe7df8f583da}</UniqueIdentifier>
    </Filter>
    <Filter Include="소스 파일\01. Scene\Stage">
      <UniqueIdentifier>{b507db3a-14c7-490f-8c7f-136b7defed51}</UniqueIdentifier>
    </Filter>
    <Filter Include="소스 파일\02. Object\Bullet">
      <UniqueIdentifier>{d95c88be-601b-4f1e-b79a-1cbc9876ff6c}</UniqueIdentifier>
    </Filter>
    <Filter Include="소스 파일\02. Object\Enemy">
      <UniqueIdentifier>{c0e63a1f-3628-4ddd-bb60-09be792524e0}</UniqueIdentifier>
    </Filter>
    <Filter Include="소스 파일\02. Object\Player">
      <UniqueIdentifier>{017d8965-ebf7-4e42-b56b-645c38c538fc}</UniqueIdentifier>
    </Filter>
    <Filter Include="소스 파일\99. Manager\InputManager">
      <UniqueIdentifier>{110bde82-76b7-4c68-9ed8-ba84002a662e}</UniqueIdentifier>
    </Filter>
    <Filter Include="소스 파일\99. Manager\ObjectManager">
      <UniqueIdentifier>{9efebf04-4f33-4df2-ba28-95f20fff3156}</UniqueIdentifier>
    </Filter>
    <Filter Include="소스 파일\99. Manager\SceneManager">
      <UniqueIdentifier>{fe7c68c7-bc42-4ea9-b628-9a1ccc5b7c93}</UniqueIdentifier>
    </Filter>
    <Filter Include="소스 파일\99. Manager\RenderManager">
      <UniqueIdentifier>{e022f11f-fd53-4c99-978b-7f556084be21}</UniqueIdentifier>
    </Filter>
    <Filter Include="소스 파일\99. Manager\MathManager">
      <UniqueIdentifier>{0e34eb04-836d-4dc4-9134-326cd7b6fc62}</UniqueIdentifier>
    </Filter>
    <Filter Include="소스 파일\99. Manager\CollisionManager">
      <UniqueIdentifier>{87e0d02c-bcd9-4841-bdac-90c41c56369b}</UniqueIdentifier>
    </Filter>
    <Filter Include="소스 파일\99. Manager\BitmapManager">
      <UniqueIdentifier>{2cacc77a-878d-42e8-a562-79840f5a2119}</UniqueIdentifier>
    </Filter>
    <Filter Include="소스 파일\02. Object\Bullet\BulletBridge">
      <UniqueIdentifier>{a4b78cb0-a5bf-4706-b5a7-e7af4f32812f}</UniqueIdentifier>
    </Filter>
    <Filter Include="소스 파일\02. Object\Background">
      <UniqueIdentifier>{b4e8c854-9fd4-4052-84f5-3c332d752a86}</UniqueIdentifier>
    </Filter>
    <Filter Include="소스 파일\02. Object\Background\BackgroundBridge">
      <UniqueIdentifier>{ddc7b3dd-8676-4d8e-a0fe-21ccff021c79}</UniqueIdentifier>
    </Filter>
    <Filter Include="소스 파일\02. Object\UI">
      <UniqueIdentifier>{7f7f33b5-986d-4fe2-bb5e-5a2973de84f4}</UniqueIdentifier>
    </Filter>
    <Filter Include="소스 파일\99. Manager\SpawnManager">
      <UniqueIdentifier>{d2286836-24a7-4923-a1b0-31bfe4a3f91d}</UniqueIdentifier>
    </Filter>
    <Filter Include="소스 파일\04. Helper">
      <UniqueIdentifier>{bcb0b951-8abe-4f9d-a038-d32d24a6da28}</UniqueIdentifier>
    </Filter>
    <Filter Include="소스 파일\04. Helper\Pattern">
      <UniqueIdentifier>{c09d6bf7-b750-41ad-a719-7481e42f44e5}</UniqueIdentifier>
    </Filter>
    <Filter Include="소스 파일\04. Helper\Pattern\Prototype">
      <UniqueIdentifier>{d7a61e3d-65e1-4c8c-ac43-9140dcd389fc}</UniqueIdentifier>
    </Filter>
    <Filter Include="소스 파일\04. Helper\Pattern\Bridge">
      <UniqueIdentifier>{11f12c14-ac01-42f3-9da8-ce3908b85872}</UniqueIdentifier>
    </Filter>
    <Filter Include="소스 파일\04. Helper\ObjectFactory">
      <UniqueIdentifier>{18d3f5ed-9fe1-4b8b-970e-ba497ff56b9a}</UniqueIdentifier>
    </Filter>
    <Filter Include="소스 파일\04. Helper\Bitmap">
      <UniqueIdentifier>{30bf864a-8414-4126-a710-8c77057ee1d5}</UniqueIdentifier>
    </Filter>
    <Filter Include="소스 파일\02. Object\Enemy\EnemyBridge">
      <UniqueIdentifier>{74083bfc-8fdf-4e8c-bc03-04ec1453f38f}</UniqueIdentifier>
    </Filter>
    <Filter Include="소스 파일\02. Object\Effect">
      <UniqueIdentifier>{3e425bb0-e637-4ad1-bd09-0cc5ab84388e}</UniqueIdentifier>
    </Filter>
    <Filter Include="소스 파일\02. Object\Background\BackgroundBridge\Basic">
      <UniqueIdentifier>{0cae1821-5365-43c7-92f2-c34e062c622f}</UniqueIdentifier>
    </Filter>
    <Filter Include="소스 파일\02. Object\Background\BackgroundBridge\ScrollHorizontal">
      <UniqueIdentifier>{8d3f14c4-1024-45c5-9da7-50b33917c14e}</UniqueIdentifier>
    </Filter>
    <Filter Include="소스 파일\02. Object\Background\BackgroundBridge\ScrollVertical">
      <UniqueIdentifier>{895b1024-ab70-4874-8d0d-288a0a539a0d}</UniqueIdentifier>
    </Filter>
    <Filter Include="소스 파일\02. Object\Enemy\EnemyBridge\Boss">
      <UniqueIdentifier>{dbcb86fd-be32-467a-8a4f-c77f843c5cb8}</UniqueIdentifier>
    </Filter>
    <Filter Include="소스 파일\02. Object\Bullet\BulletBridge\Normal">
      <UniqueIdentifier>{09746b99-22f4-4a3b-a8be-d60afb0ca26b}</UniqueIdentifier>
    </Filter>
    <Filter Include="소스 파일\02. Object\Bullet\BulletBridge\Guide">
      <UniqueIdentifier>{94f3f3fe-d352-4ce5-afe8-a7652214cd27}</UniqueIdentifier>
    </Filter>
    <Filter Include="소스 파일\99. Manager\GameDataManager">
      <UniqueIdentifier>{faefa851-8819-48eb-b9e7-e5f29708782f}</UniqueIdentifier>
    </Filter>
    <Filter Include="소스 파일\99. Manager\GameDebugManager">
      <UniqueIdentifier>{35ed8b27-2a75-4306-a5f7-266aa81af39b}</UniqueIdentifier>
    </Filter>
    <Filter Include="소스 파일\04. Helper\SpawnPatternScript">
      <UniqueIdentifier>{358acaf1-9c8f-47ae-8526-1c6972a21a10}</UniqueIdentifier>
    </Filter>
    <Filter Include="소스 파일\04. Helper\SpawnPatternScript\Enemy">
      <UniqueIdentifier>{0f12610f-4dc9-43e6-98e4-36401f32d754}</UniqueIdentifier>
    </Filter>
    <Filter Include="소스 파일\02. Object\UI\UIBridge">
      <UniqueIdentifier>{856d6a58-e8d9-423a-943e-a7b6b3e06d3d}</UniqueIdentifier>
    </Filter>
    <Filter Include="소스 파일\02. Object\UI\UIBridge\Button">
      <UniqueIdentifier>{f8dfcd95-a908-4a3f-8ee8-807cca4cb3c9}</UniqueIdentifier>
    </Filter>
    <Filter Include="소스 파일\02. Object\UI\UIBridge\Score">
      <UniqueIdentifier>{13240147-5a18-47b2-9ffc-bc4bb0776625}</UniqueIdentifier>
    </Filter>
    <Filter Include="소스 파일\02. Object\Effect\EffectBridge">
      <UniqueIdentifier>{f1201fec-6a4c-4690-829e-f788b0be8cfa}</UniqueIdentifier>
    </Filter>
    <Filter Include="소스 파일\02. Object\Effect\EffectBridge\Explosion">
      <UniqueIdentifier>{ad493f18-37d9-4212-b1e3-fbad17fe0089}</UniqueIdentifier>
    </Filter>
    <Filter Include="소스 파일\02. Object\Effect\EffectBridge\Hit">
      <UniqueIdentifier>{d031ba20-ae27-4ee0-9c77-022ae8b2d733}</UniqueIdentifier>
    </Filter>
    <Filter Include="소스 파일\02. Object\UI\UIBridge\Text">
      <UniqueIdentifier>{01516ad7-8a7a-49b5-b051-b88e453551f7}</UniqueIdentifier>
    </Filter>
    <Filter Include="소스 파일\02. Object\UI\UIBridge\ProgressBar">
      <UniqueIdentifier>{2868b1e7-74ab-49a0-9c02-f21eca09429c}</UniqueIdentifier>
    </Filter>
    <Filter Include="소스 파일\02. Object\Bullet\BulletBridge\SpreadAfterDelay">
      <UniqueIdentifier>{62769f35-f898-4b14-b3ac-05c1d6125aef}</UniqueIdentifier>
    </Filter>
    <Filter Include="소스 파일\02. Object\UI\UIBridge\MapProgress">
      <UniqueIdentifier>{5d308e8e-9dc8-4932-8a15-f36cacf66a7d}</UniqueIdentifier>
    </Filter>
    <Filter Include="소스 파일\02. Object\Enemy\EnemyBridge\NormalEnemy">
      <UniqueIdentifier>{990ce52a-df18-4236-a5b6-e2b137b06d0b}</UniqueIdentifier>
    </Filter>
    <Filter Include="소스 파일\04. Helper\SpawnPatternScript\Bullet">
      <UniqueIdentifier>{635da852-f16c-4e03-9500-a580fd16462e}</UniqueIdentifier>
    </Filter>
    <Filter Include="소스 파일\02. Object\Item">
      <UniqueIdentifier>{f11ce4df-8b89-4cd3-8ad0-4af266789102}</UniqueIdentifier>
    </Filter>
    <Filter Include="소스 파일\02. Object\Item\ItemBridge">
      <UniqueIdentifier>{81985985-78b0-417d-afd7-7b4f25fbc3e0}</UniqueIdentifier>
    </Filter>
    <Filter Include="소스 파일\02. Object\Item\ItemBridge\BounceOnWallItem">
      <UniqueIdentifier>{45c8cd85-6917-414a-afe4-7a0a7b6adc41}</UniqueIdentifier>
    </Filter>
    <Filter Include="소스 파일\02. Object\Item\ItemBridge\StayInPlaceItem">
      <UniqueIdentifier>{ff24fc6e-b5fc-4368-8b81-d9623519171e}</UniqueIdentifier>
    </Filter>
    <Filter Include="소스 파일\02. Object\Effect\EffectBridge\Warning">
      <UniqueIdentifier>{e5d76f43-fd75-407b-984f-fbd93c76d7ba}</UniqueIdentifier>
    </Filter>
    <Filter Include="소스 파일\02. Object\UI\UIBridge\Life">
      <UniqueIdentifier>{94be3240-4e4b-459b-9380-863d1417d21f}</UniqueIdentifier>
    </Filter>
    <Filter Include="소스 파일\02. Object\UI\UIBridge\BombUI">
      <UniqueIdentifier>{dc3460f1-9a8e-47e6-b64d-afd25533355f}</UniqueIdentifier>
    </Filter>
    <Filter Include="소스 파일\02. Object\UI\UIBridge\GameOverUI">
      <UniqueIdentifier>{9cb468a0-c0c6-4b70-a61b-0cfaed048e71}</UniqueIdentifier>
    </Filter>
    <Filter Include="소스 파일\02. Object\UI\UIBridge\GameClearUI">
      <UniqueIdentifier>{4c28f9c4-f95e-42cc-b80e-9864e00f2b77}</UniqueIdentifier>
    </Filter>
    <Filter Include="소스 파일\99. Manager\SoundManager">
      <UniqueIdentifier>{5ee19090-f7d6-43f8-877a-4725a2e898c1}</UniqueIdentifier>
    </Filter>
  </ItemGroup>
  <ItemGroup>
    <ClInclude Include="Headers.h">
      <Filter>헤더 파일</Filter>
    </ClInclude>
    <ClInclude Include="ShootingStrike.h">
      <Filter>헤더 파일\Headers</Filter>
    </ClInclude>
    <ClInclude Include="targetver.h">
      <Filter>헤더 파일\Headers</Filter>
    </ClInclude>
    <ClInclude Include="Resource.h">
      <Filter>헤더 파일\Headers</Filter>
    </ClInclude>
    <ClInclude Include="framework.h">
      <Filter>헤더 파일\Headers</Filter>
    </ClInclude>
    <ClInclude Include="Constant.h">
      <Filter>헤더 파일\Include</Filter>
    </ClInclude>
    <ClInclude Include="Define.h">
      <Filter>헤더 파일\Include</Filter>
    </ClInclude>
    <ClInclude Include="Struct.h">
      <Filter>헤더 파일\Include</Filter>
    </ClInclude>
    <ClInclude Include="Enum.h">
      <Filter>헤더 파일\Include</Filter>
    </ClInclude>
    <ClInclude Include="MainUpdate.h">
      <Filter>소스 파일\00. MainUpdate</Filter>
    </ClInclude>
    <ClInclude Include="Logo.h">
      <Filter>소스 파일\01. Scene\Logo</Filter>
    </ClInclude>
    <ClInclude Include="Menu.h">
      <Filter>소스 파일\01. Scene\Menu</Filter>
    </ClInclude>
    <ClInclude Include="Stage.h">
      <Filter>소스 파일\01. Scene\Stage</Filter>
    </ClInclude>
    <ClInclude Include="Object.h">
      <Filter>소스 파일\02. Object</Filter>
    </ClInclude>
    <ClInclude Include="Bullet.h">
      <Filter>소스 파일\02. Object\Bullet</Filter>
    </ClInclude>
    <ClInclude Include="Enemy.h">
      <Filter>소스 파일\02. Object\Enemy</Filter>
    </ClInclude>
    <ClInclude Include="Player.h">
      <Filter>소스 파일\02. Object\Player</Filter>
    </ClInclude>
    <ClInclude Include="Scene.h">
      <Filter>소스 파일\01. Scene</Filter>
    </ClInclude>
    <ClInclude Include="InputManager.h">
      <Filter>소스 파일\99. Manager\InputManager</Filter>
    </ClInclude>
    <ClInclude Include="ObjectFactory.h">
      <Filter>소스 파일\04. Helper\ObjectFactory</Filter>
    </ClInclude>
    <ClInclude Include="ObjectManager.h">
      <Filter>소스 파일\99. Manager\ObjectManager</Filter>
    </ClInclude>
    <ClInclude Include="SceneManager.h">
      <Filter>소스 파일\99. Manager\SceneManager</Filter>
    </ClInclude>
    <ClInclude Include="Prototype.h">
      <Filter>소스 파일\04. Helper\Pattern\Prototype</Filter>
    </ClInclude>
    <ClInclude Include="RenderManager.h">
      <Filter>소스 파일\99. Manager\RenderManager</Filter>
    </ClInclude>
    <ClInclude Include="MathManager.h">
      <Filter>소스 파일\99. Manager\MathManager</Filter>
    </ClInclude>
    <ClInclude Include="CollisionManager.h">
      <Filter>소스 파일\99. Manager\CollisionManager</Filter>
    </ClInclude>
    <ClInclude Include="Bitmap.h">
      <Filter>소스 파일\04. Helper\Bitmap</Filter>
    </ClInclude>
    <ClInclude Include="BitmapManager.h">
      <Filter>소스 파일\99. Manager\BitmapManager</Filter>
    </ClInclude>
    <ClInclude Include="Background.h">
      <Filter>소스 파일\02. Object\Background</Filter>
    </ClInclude>
    <ClInclude Include="Bridge.h">
      <Filter>소스 파일\04. Helper\Pattern\Bridge</Filter>
    </ClInclude>
    <ClInclude Include="BulletBridge.h">
      <Filter>소스 파일\02. Object\Bullet\BulletBridge</Filter>
    </ClInclude>
    <ClInclude Include="BackgroundBridge.h">
      <Filter>소스 파일\02. Object\Background\BackgroundBridge</Filter>
    </ClInclude>
    <ClInclude Include="NormalBullet.h">
      <Filter>소스 파일\02. Object\Bullet\BulletBridge\Normal</Filter>
    </ClInclude>
    <ClInclude Include="ButtonUI.h">
      <Filter>소스 파일\02. Object\UI\UIBridge\Button</Filter>
    </ClInclude>
    <ClInclude Include="SpawnManager.h">
      <Filter>소스 파일\99. Manager\SpawnManager</Filter>
    </ClInclude>
    <ClInclude Include="GuideBullet.h">
      <Filter>소스 파일\02. Object\Bullet\BulletBridge\Guide</Filter>
    </ClInclude>
    <ClInclude Include="EnemyBridge.h">
      <Filter>소스 파일\02. Object\Enemy\EnemyBridge</Filter>
    </ClInclude>
    <ClInclude Include="BasicBkg.h">
      <Filter>소스 파일\02. Object\Background\BackgroundBridge\Basic</Filter>
    </ClInclude>
    <ClInclude Include="ScrollVerticalBkg.h">
      <Filter>소스 파일\02. Object\Background\BackgroundBridge\ScrollVertical</Filter>
    </ClInclude>
    <ClInclude Include="ScrollHorizontalBkg.h">
      <Filter>소스 파일\02. Object\Background\BackgroundBridge\ScrollHorizontal</Filter>
    </ClInclude>
    <ClInclude Include="BossAngelEnemy.h">
      <Filter>소스 파일\02. Object\Enemy\EnemyBridge\Boss</Filter>
    </ClInclude>
    <ClInclude Include="GameDataManager.h">
      <Filter>소스 파일\99. Manager\GameDataManager</Filter>
    </ClInclude>
    <ClInclude Include="ScoreUI.h">
      <Filter>소스 파일\02. Object\UI\UIBridge\Score</Filter>
    </ClInclude>
    <ClInclude Include="GameDebugManager.h">
      <Filter>소스 파일\99. Manager\GameDebugManager</Filter>
    </ClInclude>
    <ClInclude Include="BulletSpawnPatternScript.h">
      <Filter>소스 파일\04. Helper\SpawnPatternScript\Bullet</Filter>
    </ClInclude>
    <ClInclude Include="SpawnPatternScript.h">
      <Filter>소스 파일\04. Helper\SpawnPatternScript</Filter>
    </ClInclude>
    <ClInclude Include="Effect.h">
      <Filter>소스 파일\02. Object\Effect</Filter>
    </ClInclude>
    <ClInclude Include="UserInterface.h">
      <Filter>소스 파일\02. Object\UI</Filter>
    </ClInclude>
    <ClInclude Include="UIBridge.h">
      <Filter>소스 파일\02. Object\UI\UIBridge</Filter>
    </ClInclude>
    <ClInclude Include="EffectBridge.h">
      <Filter>소스 파일\02. Object\Effect\EffectBridge</Filter>
    </ClInclude>
    <ClInclude Include="ExplosionEffect.h">
      <Filter>소스 파일\02. Object\Effect\EffectBridge\Explosion</Filter>
    </ClInclude>
    <ClInclude Include="HitEffect.h">
      <Filter>소스 파일\02. Object\Effect\EffectBridge\Hit</Filter>
    </ClInclude>
    <ClInclude Include="TextUI.h">
      <Filter>소스 파일\02. Object\UI\UIBridge\Text</Filter>
    </ClInclude>
    <ClInclude Include="LifeUI.h">
      <Filter>소스 파일\02. Object\UI\UIBridge\Life</Filter>
    </ClInclude>
    <ClInclude Include="ProgressBarUI.h">
      <Filter>소스 파일\02. Object\UI\UIBridge\ProgressBar</Filter>
    </ClInclude>
    <ClInclude Include="SpreadAfterDelayBullet.h">
      <Filter>소스 파일\02. Object\Bullet\BulletBridge\SpreadAfterDelay</Filter>
    </ClInclude>
    <ClInclude Include="NormalEnemy.h">
      <Filter>소스 파일\02. Object\Enemy\EnemyBridge\NormalEnemy</Filter>
    </ClInclude>
    <ClInclude Include="MapProgressUI.h">
      <Filter>소스 파일\02. Object\UI\UIBridge\MapProgress</Filter>
    </ClInclude>
    <ClInclude Include="EnemySpawnPatternScript.h">
      <Filter>소스 파일\04. Helper\SpawnPatternScript\Enemy</Filter>
    </ClInclude>
    <ClInclude Include="Item.h">
      <Filter>소스 파일\02. Object\Item</Filter>
    </ClInclude>
    <ClInclude Include="ItemBridge.h">
      <Filter>소스 파일\02. Object\Item\ItemBridge</Filter>
    </ClInclude>
    <ClInclude Include="GoToPlayerItem.h">
      <Filter>소스 파일\02. Object\Item\ItemBridge\StayInPlaceItem</Filter>
    </ClInclude>
    <ClInclude Include="BounceOnWallItem.h">
      <Filter>소스 파일\02. Object\Item\ItemBridge\BounceOnWallItem</Filter>
    </ClInclude>
    <ClInclude Include="WarningEffect.h">
      <Filter>소스 파일\02. Object\Effect\EffectBridge\Warning</Filter>
    </ClInclude>
    <ClInclude Include="BombUI.h">
      <Filter>소스 파일\02. Object\UI\UIBridge\BombUI</Filter>
    </ClInclude>
    <ClInclude Include="GameOverUI.h">
      <Filter>소스 파일\02. Object\UI\UIBridge\GameOverUI</Filter>
    </ClInclude>
    <ClInclude Include="GameClearUI.h">
      <Filter>소스 파일\02. Object\UI\UIBridge\GameClearUI</Filter>
    </ClInclude>
    <ClInclude Include="SoundManager.h">
      <Filter>소스 파일\99. Manager\SoundManager</Filter>
    </ClInclude>
  </ItemGroup>
  <ItemGroup>
    <ClCompile Include="ShootingStrike.cpp">
      <Filter>소스 파일</Filter>
    </ClCompile>
    <ClCompile Include="MainUpdate.cpp">
      <Filter>소스 파일\00. MainUpdate</Filter>
    </ClCompile>
    <ClCompile Include="Logo.cpp">
      <Filter>소스 파일\01. Scene\Logo</Filter>
    </ClCompile>
    <ClCompile Include="Menu.cpp">
      <Filter>소스 파일\01. Scene\Menu</Filter>
    </ClCompile>
    <ClCompile Include="Stage.cpp">
      <Filter>소스 파일\01. Scene\Stage</Filter>
    </ClCompile>
    <ClCompile Include="Object.cpp">
      <Filter>소스 파일\02. Object</Filter>
    </ClCompile>
    <ClCompile Include="Bullet.cpp">
      <Filter>소스 파일\02. Object\Bullet</Filter>
    </ClCompile>
    <ClCompile Include="Enemy.cpp">
      <Filter>소스 파일\02. Object\Enemy</Filter>
    </ClCompile>
    <ClCompile Include="Player.cpp">
      <Filter>소스 파일\02. Object\Player</Filter>
    </ClCompile>
    <ClCompile Include="Scene.cpp">
      <Filter>소스 파일\01. Scene</Filter>
    </ClCompile>
    <ClCompile Include="InputManager.cpp">
      <Filter>소스 파일\99. Manager\InputManager</Filter>
    </ClCompile>
    <ClCompile Include="ObjectManager.cpp">
      <Filter>소스 파일\99. Manager\ObjectManager</Filter>
    </ClCompile>
    <ClCompile Include="SceneManager.cpp">
      <Filter>소스 파일\99. Manager\SceneManager</Filter>
    </ClCompile>
    <ClCompile Include="Prototype.cpp">
      <Filter>소스 파일\04. Helper\Pattern\Prototype</Filter>
    </ClCompile>
    <ClCompile Include="RenderManager.cpp">
      <Filter>소스 파일\99. Manager\RenderManager</Filter>
    </ClCompile>
    <ClCompile Include="MathManager.cpp">
      <Filter>소스 파일\99. Manager\MathManager</Filter>
    </ClCompile>
    <ClCompile Include="Bitmap.cpp">
      <Filter>소스 파일\04. Helper\Bitmap</Filter>
    </ClCompile>
    <ClCompile Include="BitmapManager.cpp">
      <Filter>소스 파일\99. Manager\BitmapManager</Filter>
    </ClCompile>
    <ClCompile Include="CollisionManager.cpp">
      <Filter>소스 파일\99. Manager\CollisionManager</Filter>
    </ClCompile>
    <ClCompile Include="Background.cpp">
      <Filter>소스 파일\02. Object\Background</Filter>
    </ClCompile>
    <ClCompile Include="BulletBridge.cpp">
      <Filter>소스 파일\02. Object\Bullet\BulletBridge</Filter>
    </ClCompile>
    <ClCompile Include="BackgroundBridge.cpp">
      <Filter>소스 파일\02. Object\Background\BackgroundBridge</Filter>
    </ClCompile>
    <ClCompile Include="NormalBullet.cpp">
      <Filter>소스 파일\02. Object\Bullet\BulletBridge\Normal</Filter>
    </ClCompile>
    <ClCompile Include="ButtonUI.cpp">
      <Filter>소스 파일\02. Object\UI\UIBridge\Button</Filter>
    </ClCompile>
    <ClCompile Include="SpawnManager.cpp">
      <Filter>소스 파일\99. Manager\SpawnManager</Filter>
    </ClCompile>
    <ClCompile Include="GuideBullet.cpp">
      <Filter>소스 파일\02. Object\Bullet\BulletBridge\Guide</Filter>
    </ClCompile>
    <ClCompile Include="EnemyBridge.cpp">
      <Filter>소스 파일\02. Object\Enemy\EnemyBridge</Filter>
    </ClCompile>
    <ClCompile Include="BasicBkg.cpp">
      <Filter>소스 파일\02. Object\Background\BackgroundBridge\Basic</Filter>
    </ClCompile>
    <ClCompile Include="ScrollVerticalBkg.cpp">
      <Filter>소스 파일\02. Object\Background\BackgroundBridge\ScrollVertical</Filter>
    </ClCompile>
    <ClCompile Include="ScrollHorizontalBkg.cpp">
      <Filter>소스 파일\02. Object\Background\BackgroundBridge\ScrollHorizontal</Filter>
    </ClCompile>
    <ClCompile Include="BossAngelEnemy.cpp">
      <Filter>소스 파일\02. Object\Enemy\EnemyBridge\Boss</Filter>
    </ClCompile>
    <ClCompile Include="GameDataManager.cpp">
      <Filter>소스 파일\99. Manager\GameDataManager</Filter>
    </ClCompile>
    <ClCompile Include="ScoreUI.cpp">
      <Filter>소스 파일\02. Object\UI\UIBridge\Score</Filter>
    </ClCompile>
    <ClCompile Include="GameDebugManager.cpp">
      <Filter>소스 파일\99. Manager\GameDebugManager</Filter>
    </ClCompile>
    <ClCompile Include="BulletSpawnPatternScript.cpp">
      <Filter>소스 파일\04. Helper\SpawnPatternScript\Bullet</Filter>
    </ClCompile>
    <ClCompile Include="SpawnPatternScript.cpp">
      <Filter>소스 파일\04. Helper\SpawnPatternScript</Filter>
    </ClCompile>
    <ClCompile Include="Effect.cpp">
      <Filter>소스 파일\02. Object\Effect</Filter>
    </ClCompile>
    <ClCompile Include="UserInterface.cpp">
      <Filter>소스 파일\02. Object\UI</Filter>
    </ClCompile>
    <ClCompile Include="UIBridge.cpp">
      <Filter>소스 파일\02. Object\UI\UIBridge</Filter>
    </ClCompile>
    <ClCompile Include="EffectBridge.cpp">
      <Filter>소스 파일\02. Object\Effect\EffectBridge</Filter>
    </ClCompile>
    <ClCompile Include="ExplosionEffect.cpp">
      <Filter>소스 파일\02. Object\Effect\EffectBridge\Explosion</Filter>
    </ClCompile>
    <ClCompile Include="HitEffect.cpp">
      <Filter>소스 파일\02. Object\Effect\EffectBridge\Hit</Filter>
    </ClCompile>
    <ClCompile Include="TextUI.cpp">
      <Filter>소스 파일\02. Object\UI\UIBridge\Text</Filter>
    </ClCompile>
    <ClCompile Include="LifeUI.cpp">
      <Filter>소스 파일\02. Object\UI\UIBridge\Life</Filter>
    </ClCompile>
    <ClCompile Include="ProgressBarUI.cpp">
      <Filter>소스 파일\02. Object\UI\UIBridge\ProgressBar</Filter>
    </ClCompile>
    <ClCompile Include="SpreadAfterDelayBullet.cpp">
      <Filter>소스 파일\02. Object\Bullet\BulletBridge\SpreadAfterDelay</Filter>
    </ClCompile>
    <ClCompile Include="NormalEnemy.cpp">
      <Filter>소스 파일\02. Object\Enemy\EnemyBridge\NormalEnemy</Filter>
    </ClCompile>
    <ClCompile Include="MapProgressUI.cpp">
      <Filter>소스 파일\02. Object\UI\UIBridge\MapProgress</Filter>
    </ClCompile>
    <ClCompile Include="Bridge.cpp">
      <Filter>소스 파일\04. Helper\Pattern\Bridge</Filter>
    </ClCompile>
    <ClCompile Include="EnemySpawnPatternScript.cpp">
      <Filter>소스 파일\04. Helper\SpawnPatternScript\Enemy</Filter>
    </ClCompile>
    <ClCompile Include="Item.cpp">
      <Filter>소스 파일\02. Object\Item</Filter>
    </ClCompile>
    <ClCompile Include="ItemBridge.cpp">
      <Filter>소스 파일\02. Object\Item\ItemBridge</Filter>
    </ClCompile>
    <ClCompile Include="GoToPlayerItem.cpp">
      <Filter>소스 파일\02. Object\Item\ItemBridge\StayInPlaceItem</Filter>
    </ClCompile>
    <ClCompile Include="BounceOnWallItem.cpp">
      <Filter>소스 파일\02. Object\Item\ItemBridge\BounceOnWallItem</Filter>
    </ClCompile>
    <ClCompile Include="WarningEffect.cpp">
      <Filter>소스 파일\02. Object\Effect\EffectBridge\Warning</Filter>
    </ClCompile>
    <ClCompile Include="BombUI.cpp">
      <Filter>소스 파일\02. Object\UI\UIBridge\BombUI</Filter>
    </ClCompile>
    <ClCompile Include="GameOverUI.cpp">
      <Filter>소스 파일\02. Object\UI\UIBridge\GameOverUI</Filter>
    </ClCompile>
    <ClCompile Include="GameClearUI.cpp">
      <Filter>소스 파일\02. Object\UI\UIBridge\GameClearUI</Filter>
    </ClCompile>
    <ClCompile Include="SoundManager.cpp">
      <Filter>소스 파일\99. Manager\SoundManager</Filter>
    </ClCompile>
  </ItemGroup>
  <ItemGroup>
    <ResourceCompile Include="ShootingStrike.rc">
      <Filter>리소스 파일</Filter>
    </ResourceCompile>
  </ItemGroup>
  <ItemGroup>
    <Image Include="small.ico">
      <Filter>리소스 파일</Filter>
    </Image>
    <Image Include="ShootingStrike.ico">
      <Filter>리소스 파일</Filter>
    </Image>
  </ItemGroup>
</Project>